[[package]]
name = "appdirs"
version = "1.4.4"
description = "A small Python module for determining appropriate platform-specific dirs, e.g. a \"user data dir\"."
category = "dev"
optional = false
python-versions = "*"

[[package]]
name = "black"
version = "20.8b1"
description = "The uncompromising code formatter."
category = "dev"
optional = false
python-versions = ">=3.6"

[package.dependencies]
appdirs = "*"
click = ">=7.1.2"
mypy-extensions = ">=0.4.3"
pathspec = ">=0.6,<1"
regex = ">=2020.1.8"
toml = ">=0.10.1"
typed-ast = ">=1.4.0"
typing-extensions = ">=3.7.4"

[package.extras]
colorama = ["colorama (>=0.4.3)"]
d = ["aiohttp (>=3.3.2)", "aiohttp-cors"]

[[package]]
name = "cffi"
version = "1.14.4"
description = "Foreign Function Interface for Python calling C code."
category = "main"
optional = false
python-versions = "*"

[package.dependencies]
pycparser = "*"

[[package]]
name = "click"
version = "7.1.2"
description = "Composable command line interface toolkit"
category = "dev"
optional = false
python-versions = ">=2.7, !=3.0.*, !=3.1.*, !=3.2.*, !=3.3.*, !=3.4.*"

[[package]]
name = "flake8"
version = "3.8.4"
description = "the modular source code checker: pep8 pyflakes and co"
category = "dev"
optional = false
python-versions = "!=3.0.*,!=3.1.*,!=3.2.*,!=3.3.*,>=2.7"

[package.dependencies]
mccabe = ">=0.6.0,<0.7.0"
pycodestyle = ">=2.6.0a1,<2.7.0"
pyflakes = ">=2.2.0,<2.3.0"

[[package]]
name = "isort"
version = "5.7.0"
description = "A Python utility / library to sort Python imports."
category = "dev"
optional = false
python-versions = ">=3.6,<4.0"

[package.extras]
pipfile_deprecated_finder = ["pipreqs", "requirementslib"]
requirements_deprecated_finder = ["pipreqs", "pip-api"]
colors = ["colorama (>=0.4.3,<0.5.0)"]

[[package]]
name = "mccabe"
version = "0.6.1"
description = "McCabe checker, plugin for flake8"
category = "dev"
optional = false
python-versions = "*"

[[package]]
name = "mypy-extensions"
version = "0.4.3"
description = "Experimental type system extensions for programs checked with the mypy typechecker."
category = "dev"
optional = false
python-versions = "*"

[[package]]
name = "numpy"
version = "1.20.0"
description = "NumPy is the fundamental package for array computing with Python."
category = "main"
optional = false
python-versions = ">=3.7"

[[package]]
name = "pandas"
version = "1.2.1"
description = "Powerful data structures for data analysis, time series, and statistics"
category = "main"
optional = false
python-versions = ">=3.7.1"

[package.dependencies]
numpy = ">=1.16.5"
python-dateutil = ">=2.7.3"
pytz = ">=2017.3"

[package.extras]
test = ["pytest (>=5.0.1)", "pytest-xdist", "hypothesis (>=3.58)"]

[[package]]
name = "pathspec"
version = "0.8.1"
description = "Utility library for gitignore style pattern matching of file paths."
category = "dev"
optional = false
python-versions = ">=2.7, !=3.0.*, !=3.1.*, !=3.2.*, !=3.3.*, !=3.4.*"

[[package]]
name = "pyarrow"
version = "3.0.0"
description = "Python library for Apache Arrow"
category = "main"
optional = false
python-versions = ">=3.6"

[package.dependencies]
numpy = ">=1.16.6"

[[package]]
name = "pycodestyle"
version = "2.6.0"
description = "Python style guide checker"
category = "dev"
optional = false
python-versions = ">=2.7, !=3.0.*, !=3.1.*, !=3.2.*, !=3.3.*"

[[package]]
name = "pycparser"
version = "2.20"
description = "C parser in Python"
category = "main"
optional = false
python-versions = ">=2.7, !=3.0.*, !=3.1.*, !=3.2.*, !=3.3.*"

[[package]]
name = "pyflakes"
version = "2.2.0"
description = "passive checker of Python programs"
category = "dev"
optional = false
python-versions = ">=2.7, !=3.0.*, !=3.1.*, !=3.2.*, !=3.3.*"

[[package]]
name = "python-dateutil"
version = "2.8.1"
description = "Extensions to the standard Python datetime module"
category = "main"
optional = false
python-versions = "!=3.0.*,!=3.1.*,!=3.2.*,>=2.7"

[package.dependencies]
six = ">=1.5"

[[package]]
name = "pytz"
version = "2021.1"
description = "World timezone definitions, modern and historical"
category = "main"
optional = false
python-versions = "*"

[[package]]
name = "regex"
version = "2020.11.13"
description = "Alternative regular expression module, to replace re."
category = "dev"
optional = false
python-versions = "*"

[[package]]
name = "six"
version = "1.15.0"
description = "Python 2 and 3 compatibility utilities"
category = "main"
optional = false
python-versions = ">=2.7, !=3.0.*, !=3.1.*, !=3.2.*"

[[package]]
name = "toml"
version = "0.10.2"
description = "Python Library for Tom's Obvious, Minimal Language"
category = "dev"
optional = false
python-versions = ">=2.6, !=3.0.*, !=3.1.*, !=3.2.*"

[[package]]
name = "typed-ast"
version = "1.4.2"
description = "a fork of Python 2 and 3 ast modules with type comment support"
category = "dev"
optional = false
python-versions = "*"

[[package]]
name = "typing-extensions"
version = "3.7.4.3"
description = "Backported and Experimental Type Hints for Python 3.5+"
category = "dev"
optional = false
python-versions = "*"

[[package]]
name = "zstandard"
version = "0.15.1"
description = "Zstandard bindings for Python"
category = "main"
optional = false
python-versions = ">=3.5"

[package.dependencies]
cffi = {version = ">=1.11", markers = "platform_python_implementation == \"PyPy\""}

[package.extras]
cffi = ["cffi (>=1.11)"]

[metadata]
lock-version = "1.1"
python-versions = "^3.9"
content-hash = "44ceb5f0410e199ff04cd8af3f86a8ebc30286fb5c252c197b9adc691a7bddc6"

[metadata.files]
appdirs = [
    {file = "appdirs-1.4.4-py2.py3-none-any.whl", hash = "sha256:a841dacd6b99318a741b166adb07e19ee71a274450e68237b4650ca1055ab128"},
    {file = "appdirs-1.4.4.tar.gz", hash = "sha256:7d5d0167b2b1ba821647616af46a749d1c653740dd0d2415100fe26e27afdf41"},
]
black = [
    {file = "black-20.8b1.tar.gz", hash = "sha256:1c02557aa099101b9d21496f8a914e9ed2222ef70336404eeeac8edba836fbea"},
]
cffi = [
    {file = "cffi-1.14.4-cp27-cp27m-macosx_10_9_x86_64.whl", hash = "sha256:ebb253464a5d0482b191274f1c8bf00e33f7e0b9c66405fbffc61ed2c839c775"},
    {file = "cffi-1.14.4-cp27-cp27m-manylinux1_i686.whl", hash = "sha256:2c24d61263f511551f740d1a065eb0212db1dbbbbd241db758f5244281590c06"},
    {file = "cffi-1.14.4-cp27-cp27m-manylinux1_x86_64.whl", hash = "sha256:9f7a31251289b2ab6d4012f6e83e58bc3b96bd151f5b5262467f4bb6b34a7c26"},
    {file = "cffi-1.14.4-cp27-cp27m-win32.whl", hash = "sha256:5cf4be6c304ad0b6602f5c4e90e2f59b47653ac1ed9c662ed379fe48a8f26b0c"},
    {file = "cffi-1.14.4-cp27-cp27m-win_amd64.whl", hash = "sha256:f60567825f791c6f8a592f3c6e3bd93dd2934e3f9dac189308426bd76b00ef3b"},
    {file = "cffi-1.14.4-cp27-cp27mu-manylinux1_i686.whl", hash = "sha256:c6332685306b6417a91b1ff9fae889b3ba65c2292d64bd9245c093b1b284809d"},
    {file = "cffi-1.14.4-cp27-cp27mu-manylinux1_x86_64.whl", hash = "sha256:d9efd8b7a3ef378dd61a1e77367f1924375befc2eba06168b6ebfa903a5e59ca"},
    {file = "cffi-1.14.4-cp35-cp35m-macosx_10_9_x86_64.whl", hash = "sha256:51a8b381b16ddd370178a65360ebe15fbc1c71cf6f584613a7ea08bfad946698"},
    {file = "cffi-1.14.4-cp35-cp35m-manylinux1_i686.whl", hash = "sha256:1d2c4994f515e5b485fd6d3a73d05526aa0fcf248eb135996b088d25dfa1865b"},
    {file = "cffi-1.14.4-cp35-cp35m-manylinux1_x86_64.whl", hash = "sha256:af5c59122a011049aad5dd87424b8e65a80e4a6477419c0c1015f73fb5ea0293"},
    {file = "cffi-1.14.4-cp35-cp35m-win32.whl", hash = "sha256:594234691ac0e9b770aee9fcdb8fa02c22e43e5c619456efd0d6c2bf276f3eb2"},
    {file = "cffi-1.14.4-cp35-cp35m-win_amd64.whl", hash = "sha256:64081b3f8f6f3c3de6191ec89d7dc6c86a8a43911f7ecb422c60e90c70be41c7"},
    {file = "cffi-1.14.4-cp36-cp36m-macosx_10_9_x86_64.whl", hash = "sha256:f803eaa94c2fcda012c047e62bc7a51b0bdabda1cad7a92a522694ea2d76e49f"},
    {file = "cffi-1.14.4-cp36-cp36m-manylinux1_i686.whl", hash = "sha256:105abaf8a6075dc96c1fe5ae7aae073f4696f2905fde6aeada4c9d2926752362"},
    {file = "cffi-1.14.4-cp36-cp36m-manylinux1_x86_64.whl", hash = "sha256:0638c3ae1a0edfb77c6765d487fee624d2b1ee1bdfeffc1f0b58c64d149e7eec"},
    {file = "cffi-1.14.4-cp36-cp36m-manylinux2014_aarch64.whl", hash = "sha256:7c6b1dece89874d9541fc974917b631406233ea0440d0bdfbb8e03bf39a49b3b"},
    {file = "cffi-1.14.4-cp36-cp36m-win32.whl", hash = "sha256:155136b51fd733fa94e1c2ea5211dcd4c8879869008fc811648f16541bf99668"},
    {file = "cffi-1.14.4-cp36-cp36m-win_amd64.whl", hash = "sha256:6bc25fc545a6b3d57b5f8618e59fc13d3a3a68431e8ca5fd4c13241cd70d0009"},
    {file = "cffi-1.14.4-cp37-cp37m-macosx_10_9_x86_64.whl", hash = "sha256:a7711edca4dcef1a75257b50a2fbfe92a65187c47dab5a0f1b9b332c5919a3fb"},
    {file = "cffi-1.14.4-cp37-cp37m-manylinux1_i686.whl", hash = "sha256:00e28066507bfc3fe865a31f325c8391a1ac2916219340f87dfad602c3e48e5d"},
    {file = "cffi-1.14.4-cp37-cp37m-manylinux1_x86_64.whl", hash = "sha256:798caa2a2384b1cbe8a2a139d80734c9db54f9cc155c99d7cc92441a23871c03"},
    {file = "cffi-1.14.4-cp37-cp37m-manylinux2014_aarch64.whl", hash = "sha256:a5ed8c05548b54b998b9498753fb9cadbfd92ee88e884641377d8a8b291bcc01"},
    {file = "cffi-1.14.4-cp37-cp37m-win32.whl", hash = "sha256:00a1ba5e2e95684448de9b89888ccd02c98d512064b4cb987d48f4b40aa0421e"},
    {file = "cffi-1.14.4-cp37-cp37m-win_amd64.whl", hash = "sha256:9cc46bc107224ff5b6d04369e7c595acb700c3613ad7bcf2e2012f62ece80c35"},
    {file = "cffi-1.14.4-cp38-cp38-macosx_10_9_x86_64.whl", hash = "sha256:df5169c4396adc04f9b0a05f13c074df878b6052430e03f50e68adf3a57aa28d"},
    {file = "cffi-1.14.4-cp38-cp38-manylinux1_i686.whl", hash = "sha256:9ffb888f19d54a4d4dfd4b3f29bc2c16aa4972f1c2ab9c4ab09b8ab8685b9c2b"},
    {file = "cffi-1.14.4-cp38-cp38-manylinux1_x86_64.whl", hash = "sha256:8d6603078baf4e11edc4168a514c5ce5b3ba6e3e9c374298cb88437957960a53"},
    {file = "cffi-1.14.4-cp38-cp38-manylinux2014_aarch64.whl", hash = "sha256:d5ff0621c88ce83a28a10d2ce719b2ee85635e85c515f12bac99a95306da4b2e"},
    {file = "cffi-1.14.4-cp38-cp38-win32.whl", hash = "sha256:b4e248d1087abf9f4c10f3c398896c87ce82a9856494a7155823eb45a892395d"},
    {file = "cffi-1.14.4-cp38-cp38-win_amd64.whl", hash = "sha256:ec80dc47f54e6e9a78181ce05feb71a0353854cc26999db963695f950b5fb375"},
    {file = "cffi-1.14.4-cp39-cp39-macosx_10_9_x86_64.whl", hash = "sha256:840793c68105fe031f34d6a086eaea153a0cd5c491cde82a74b420edd0a2b909"},
    {file = "cffi-1.14.4-cp39-cp39-manylinux1_i686.whl", hash = "sha256:b18e0a9ef57d2b41f5c68beefa32317d286c3d6ac0484efd10d6e07491bb95dd"},
    {file = "cffi-1.14.4-cp39-cp39-manylinux1_x86_64.whl", hash = "sha256:045d792900a75e8b1e1b0ab6787dd733a8190ffcf80e8c8ceb2fb10a29ff238a"},
    {file = "cffi-1.14.4-cp39-cp39-win32.whl", hash = "sha256:ba4e9e0ae13fc41c6b23299545e5ef73055213e466bd107953e4a013a5ddd7e3"},
    {file = "cffi-1.14.4-cp39-cp39-win_amd64.whl", hash = "sha256:f032b34669220030f905152045dfa27741ce1a6db3324a5bc0b96b6c7420c87b"},
    {file = "cffi-1.14.4.tar.gz", hash = "sha256:1a465cbe98a7fd391d47dce4b8f7e5b921e6cd805ef421d04f5f66ba8f06086c"},
]
click = [
    {file = "click-7.1.2-py2.py3-none-any.whl", hash = "sha256:dacca89f4bfadd5de3d7489b7c8a566eee0d3676333fbb50030263894c38c0dc"},
    {file = "click-7.1.2.tar.gz", hash = "sha256:d2b5255c7c6349bc1bd1e59e08cd12acbbd63ce649f2588755783aa94dfb6b1a"},
]
flake8 = [
    {file = "flake8-3.8.4-py2.py3-none-any.whl", hash = "sha256:749dbbd6bfd0cf1318af27bf97a14e28e5ff548ef8e5b1566ccfb25a11e7c839"},
    {file = "flake8-3.8.4.tar.gz", hash = "sha256:aadae8761ec651813c24be05c6f7b4680857ef6afaae4651a4eccaef97ce6c3b"},
]
isort = [
    {file = "isort-5.7.0-py3-none-any.whl", hash = "sha256:fff4f0c04e1825522ce6949973e83110a6e907750cd92d128b0d14aaaadbffdc"},
    {file = "isort-5.7.0.tar.gz", hash = "sha256:c729845434366216d320e936b8ad6f9d681aab72dc7cbc2d51bedc3582f3ad1e"},
]
mccabe = [
    {file = "mccabe-0.6.1-py2.py3-none-any.whl", hash = "sha256:ab8a6258860da4b6677da4bd2fe5dc2c659cff31b3ee4f7f5d64e79735b80d42"},
    {file = "mccabe-0.6.1.tar.gz", hash = "sha256:dd8d182285a0fe56bace7f45b5e7d1a6ebcbf524e8f3bd87eb0f125271b8831f"},
]
mypy-extensions = [
    {file = "mypy_extensions-0.4.3-py2.py3-none-any.whl", hash = "sha256:090fedd75945a69ae91ce1303b5824f428daf5a028d2f6ab8a299250a846f15d"},
    {file = "mypy_extensions-0.4.3.tar.gz", hash = "sha256:2d82818f5bb3e369420cb3c4060a7970edba416647068eb4c5343488a6c604a8"},
]
numpy = [
    {file = "numpy-1.20.0-cp37-cp37m-macosx_10_9_x86_64.whl", hash = "sha256:89bd70c9ad540febe6c28451ba225eb4e49d27f64728357f512c808002325dfa"},
    {file = "numpy-1.20.0-cp37-cp37m-manylinux1_i686.whl", hash = "sha256:1264c66129f5ef63187649dd43f1ca59532e8c098723643336a85131c0dcce3f"},
    {file = "numpy-1.20.0-cp37-cp37m-manylinux1_x86_64.whl", hash = "sha256:e9c5fd330d2fedf06051bafb996252de9b032fcb2ec03eefc9a543e56efa66d4"},
    {file = "numpy-1.20.0-cp37-cp37m-manylinux2010_i686.whl", hash = "sha256:db5e69d08756a2fa75a42b4e433880b6187768fe1bc73d21819def893e5128c6"},
    {file = "numpy-1.20.0-cp37-cp37m-manylinux2010_x86_64.whl", hash = "sha256:1abc02e30e3efd81a4571e00f8e62bf42e343c76698e0a3e11d9c2b3ee0d77a7"},
    {file = "numpy-1.20.0-cp37-cp37m-manylinux2014_aarch64.whl", hash = "sha256:5ae765dd29c71a555f8102281f6fb15a3f4dbd35f6e7daf36af9df6d9dd716a5"},
    {file = "numpy-1.20.0-cp37-cp37m-win32.whl", hash = "sha256:b51b9ef0624f4b01b846c981034c10d2e30db33f9f8be71e992f3900741f6f77"},
    {file = "numpy-1.20.0-cp37-cp37m-win_amd64.whl", hash = "sha256:afeee581b50df20ef07b736e62ca612858f1fcdba96651d26ab44e3d567a4e6e"},
    {file = "numpy-1.20.0-cp38-cp38-macosx_10_9_x86_64.whl", hash = "sha256:2bf0e68c92ef077fe766e53f8937d8ac341bdbca68ec128ae049b7d5c34e3206"},
    {file = "numpy-1.20.0-cp38-cp38-manylinux1_i686.whl", hash = "sha256:2445a96fbae23a4109c61be0f0af0f3bc273905dc5687a710850c1dfde0fc994"},
    {file = "numpy-1.20.0-cp38-cp38-manylinux1_x86_64.whl", hash = "sha256:33edfc0eb229f86f539493917b34035054313a11afbed48404aaf9f86bf4b0f6"},
    {file = "numpy-1.20.0-cp38-cp38-manylinux2010_i686.whl", hash = "sha256:894aaee60043a98b03f0ad992c810f62e3a15f98a701e1c0f58a4f4a0df13429"},
    {file = "numpy-1.20.0-cp38-cp38-manylinux2010_x86_64.whl", hash = "sha256:b66a6c15d793eda7cdad986e737775aa31b9306d588c14dd0277d2dda5546150"},
    {file = "numpy-1.20.0-cp38-cp38-manylinux2014_aarch64.whl", hash = "sha256:eee454d3aa3955d0c0069a0f265fea47f1e1384c35a110a95efed358eb6e1562"},
    {file = "numpy-1.20.0-cp38-cp38-win32.whl", hash = "sha256:abdfa075e293d73638ece434708aa60b510dc6e70d805f57f481a0f550b25a9e"},
    {file = "numpy-1.20.0-cp38-cp38-win_amd64.whl", hash = "sha256:f1e9424e9aa3834ea27cc12f9c6ea8ace5da18ee60a720bb3a85b2f733f41782"},
    {file = "numpy-1.20.0-cp39-cp39-macosx_10_9_x86_64.whl", hash = "sha256:cb257bb0c0a3176c32782a63cfab2eace7eabfa2a3b2dfd85a13700617ccaf28"},
    {file = "numpy-1.20.0-cp39-cp39-manylinux2010_i686.whl", hash = "sha256:cf5d9dcbdbe523fa665c5309cce5f144648d94a7fddbf5a40f8e0d5c9f5b596d"},
    {file = "numpy-1.20.0-cp39-cp39-manylinux2010_x86_64.whl", hash = "sha256:93c2abea7bb69f47029b84ceac30ab46dfcfdb99b671ad850a333ff794a765e4"},
    {file = "numpy-1.20.0-cp39-cp39-manylinux2014_aarch64.whl", hash = "sha256:0d28a54afcf46f1f9ebd163e49ad6b49087f22986fefd01a23ca0c1cdda25ca6"},
    {file = "numpy-1.20.0-cp39-cp39-win32.whl", hash = "sha256:d1bc331e1706fd1809a1bc8a31205329e5b30cf5ba50461c624da267e99f6ae6"},
    {file = "numpy-1.20.0-cp39-cp39-win_amd64.whl", hash = "sha256:e3db646af9f6a145f0c57202f4b55d4a33f975e395e78fb7b394644c17c1a3a6"},
    {file = "numpy-1.20.0-pp37-pypy37_pp73-manylinux2010_x86_64.whl", hash = "sha256:4d592264d2a4f368afbb4288b5ceb646d4cbaf559c0249c096fbb0a149806b90"},
    {file = "numpy-1.20.0.zip", hash = "sha256:3d8233c03f116d068d5365fed4477f2947c7229582dad81e5953088989294cec"},
]
pandas = [
    {file = "pandas-1.2.1-cp37-cp37m-macosx_10_9_x86_64.whl", hash = "sha256:50e6c0a17ef7f831b5565fd0394dbf9bfd5d615ee4dd4bb60a3d8c9d2e872323"},
    {file = "pandas-1.2.1-cp37-cp37m-manylinux1_i686.whl", hash = "sha256:324e60bea729cf3b55c1bf9e88fe8b9932c26f8669d13b928e3c96b3a1453dff"},
    {file = "pandas-1.2.1-cp37-cp37m-manylinux1_x86_64.whl", hash = "sha256:37443199f451f8badfe0add666e43cdb817c59fa36bceedafd9c543a42f236ca"},
    {file = "pandas-1.2.1-cp37-cp37m-win32.whl", hash = "sha256:23ac77a3a222d9304cb2a7934bb7b4805ff43d513add7a42d1a22dc7df14edd2"},
    {file = "pandas-1.2.1-cp37-cp37m-win_amd64.whl", hash = "sha256:496fcc29321e9a804d56d5aa5d7ec1320edfd1898eee2f451aa70171cf1d5a29"},
    {file = "pandas-1.2.1-cp38-cp38-macosx_10_9_x86_64.whl", hash = "sha256:30e9e8bc8c5c17c03d943e8d6f778313efff59e413b8dbdd8214c2ed9aa165f6"},
    {file = "pandas-1.2.1-cp38-cp38-manylinux1_i686.whl", hash = "sha256:055647e7f4c5e66ba92c2a7dcae6c2c57898b605a3fb007745df61cc4015937f"},
    {file = "pandas-1.2.1-cp38-cp38-manylinux1_x86_64.whl", hash = "sha256:9d45f58b03af1fea4b48e44aa38a819a33dccb9821ef9e1d68f529995f8a632f"},
    {file = "pandas-1.2.1-cp38-cp38-manylinux2014_aarch64.whl", hash = "sha256:b26e2dabda73d347c7af3e6fed58483161c7b87a886a4e06d76ccfe55a044aa9"},
    {file = "pandas-1.2.1-cp38-cp38-win32.whl", hash = "sha256:47ec0808a8357ab3890ce0eca39a63f79dcf941e2e7f494470fe1c9ec43f6091"},
    {file = "pandas-1.2.1-cp38-cp38-win_amd64.whl", hash = "sha256:57d5c7ac62925a8d2ab43ea442b297a56cc8452015e71e24f4aa7e4ed6be3d77"},
    {file = "pandas-1.2.1-cp39-cp39-macosx_10_9_x86_64.whl", hash = "sha256:d7cca42dba13bfee369e2944ae31f6549a55831cba3117e17636955176004088"},
    {file = "pandas-1.2.1-cp39-cp39-manylinux1_i686.whl", hash = "sha256:cfd237865d878da9b65cfee883da5e0067f5e2ff839e459466fb90565a77bda3"},
    {file = "pandas-1.2.1-cp39-cp39-manylinux1_x86_64.whl", hash = "sha256:050ed2c9d825ef36738e018454e6d055c63d947c1d52010fbadd7584f09df5db"},
    {file = "pandas-1.2.1-cp39-cp39-win32.whl", hash = "sha256:fe7de6fed43e7d086e3d947651ec89e55ddf00102f9dd5758763d56d182f0564"},
    {file = "pandas-1.2.1-cp39-cp39-win_amd64.whl", hash = "sha256:2de012a36cc507debd9c3351b4d757f828d5a784a5fc4e6766eafc2b56e4b0f5"},
    {file = "pandas-1.2.1.tar.gz", hash = "sha256:5527c5475d955c0bc9689c56865aaa2a7b13c504d6c44f0aadbf57b565af5ebd"},
]
pathspec = [
    {file = "pathspec-0.8.1-py2.py3-none-any.whl", hash = "sha256:aa0cb481c4041bf52ffa7b0d8fa6cd3e88a2ca4879c533c9153882ee2556790d"},
    {file = "pathspec-0.8.1.tar.gz", hash = "sha256:86379d6b86d75816baba717e64b1a3a3469deb93bb76d613c9ce79edc5cb68fd"},
]
pyarrow = [
    {file = "pyarrow-3.0.0-cp36-cp36m-macosx_10_13_x86_64.whl", hash = "sha256:03e2435da817bc2b5d0fad6f2e53305eb36c24004ddfcb2b30e4217a1a80cf22"},
    {file = "pyarrow-3.0.0-cp36-cp36m-macosx_10_9_x86_64.whl", hash = "sha256:2be3a9eab4bfd00024dc3c83fa03de1c1d04a0f47ebaf3dc483cd100546eacbf"},
    {file = "pyarrow-3.0.0-cp36-cp36m-manylinux2010_x86_64.whl", hash = "sha256:a76031ef19d11db2fef79a97cc69997c97bea35aa07efbe042a177c7e3b1a390"},
    {file = "pyarrow-3.0.0-cp36-cp36m-manylinux2014_x86_64.whl", hash = "sha256:a07e286e81ceb20f8f0c45f69760d2ebc434fe83794d5f9b44f89fc2dc6dc24d"},
    {file = "pyarrow-3.0.0-cp36-cp36m-win_amd64.whl", hash = "sha256:cfea99a01d844c3db5e25374a6cdcf3b5ba1698bfe95d41272c295a4581e884c"},
    {file = "pyarrow-3.0.0-cp37-cp37m-macosx_10_13_x86_64.whl", hash = "sha256:d5666a7fa2668f3ff95df028c2072d59e8b17e73d682068e8505dafa2688f3cc"},
    {file = "pyarrow-3.0.0-cp37-cp37m-macosx_10_9_x86_64.whl", hash = "sha256:3ea6574d1ae2d9bff7e6e1715f64c31bdc01b42387a5c78311a8ce9c09cfe135"},
    {file = "pyarrow-3.0.0-cp37-cp37m-manylinux2010_x86_64.whl", hash = "sha256:2d5c95eb04a3d2e786e097b53534893eade6c8b3faf10f53a06143384b4446b1"},
    {file = "pyarrow-3.0.0-cp37-cp37m-manylinux2014_x86_64.whl", hash = "sha256:31e6fc0868963aba4e6b8a3e218c9a5ff347bca870d622da0b3d58269d0c5398"},
    {file = "pyarrow-3.0.0-cp37-cp37m-win_amd64.whl", hash = "sha256:960a9b0fd599601ddac42f16d5acf049637ec08957359c6741d6eb2bf0dbae97"},
    {file = "pyarrow-3.0.0-cp38-cp38-macosx_10_13_x86_64.whl", hash = "sha256:2c3353d38d137f1158595b3b18dcef711f3d8fdb57cf7ae2d861d07235064bc1"},
    {file = "pyarrow-3.0.0-cp38-cp38-macosx_10_9_x86_64.whl", hash = "sha256:72206cde1857d5420601feae75f53921cffab4326b42262a858c7b8be67982b7"},
    {file = "pyarrow-3.0.0-cp38-cp38-manylinux2010_x86_64.whl", hash = "sha256:dec007a0f7adba86bd170252140ede01646b45c3a470d5862ce00d8e40cd29bd"},
    {file = "pyarrow-3.0.0-cp38-cp38-manylinux2014_x86_64.whl", hash = "sha256:bf6684fe9e38f8ddb696e38901461eab783ec1d565974ebd5862270320b3e27f"},
    {file = "pyarrow-3.0.0-cp38-cp38-win_amd64.whl", hash = "sha256:3b46487c45faaea8d1a5aa65002e2832ae2e1c9e68ecb461cda4fa59891cf490"},
    {file = "pyarrow-3.0.0-cp39-cp39-macosx_10_13_x86_64.whl", hash = "sha256:978bbe8ec9090d1133a25f00f32ed92600f9d315fbfa29a17952bee01f0d7fe5"},
    {file = "pyarrow-3.0.0-cp39-cp39-macosx_10_9_x86_64.whl", hash = "sha256:b7a8903f2b8a80498725ef5d4a35cd7dd5a98b74e080d42692545e61a6cbfbe4"},
    {file = "pyarrow-3.0.0-cp39-cp39-manylinux2010_x86_64.whl", hash = "sha256:b1cf92df9f336f31706249e543dc0ffce3c67a78204ce540f1173c6c07dfafec"},
    {file = "pyarrow-3.0.0-cp39-cp39-manylinux2014_x86_64.whl", hash = "sha256:b08c119cc2b9fcd1567797fedb245a2f4352a3084a22b7298272afe7cf7a4730"},
    {file = "pyarrow-3.0.0-cp39-cp39-win_amd64.whl", hash = "sha256:5faa2dc73444bdcf042f121383965a47362be1f946303d46e8fd80f8d26cd90c"},
    {file = "pyarrow-3.0.0.tar.gz", hash = "sha256:4bf8cc43e1db1e0517466209ee8e8f459d9b5e1b4074863317f2a965cf59889e"},
]
pycodestyle = [
    {file = "pycodestyle-2.6.0-py2.py3-none-any.whl", hash = "sha256:2295e7b2f6b5bd100585ebcb1f616591b652db8a741695b3d8f5d28bdc934367"},
    {file = "pycodestyle-2.6.0.tar.gz", hash = "sha256:c58a7d2815e0e8d7972bf1803331fb0152f867bd89adf8a01dfd55085434192e"},
]
pycparser = [
    {file = "pycparser-2.20-py2.py3-none-any.whl", hash = "sha256:7582ad22678f0fcd81102833f60ef8d0e57288b6b5fb00323d101be910e35705"},
    {file = "pycparser-2.20.tar.gz", hash = "sha256:2d475327684562c3a96cc71adf7dc8c4f0565175cf86b6d7a404ff4c771f15f0"},
]
pyflakes = [
    {file = "pyflakes-2.2.0-py2.py3-none-any.whl", hash = "sha256:0d94e0e05a19e57a99444b6ddcf9a6eb2e5c68d3ca1e98e90707af8152c90a92"},
    {file = "pyflakes-2.2.0.tar.gz", hash = "sha256:35b2d75ee967ea93b55750aa9edbbf72813e06a66ba54438df2cfac9e3c27fc8"},
]
python-dateutil = [
    {file = "python-dateutil-2.8.1.tar.gz", hash = "sha256:73ebfe9dbf22e832286dafa60473e4cd239f8592f699aa5adaf10050e6e1823c"},
    {file = "python_dateutil-2.8.1-py2.py3-none-any.whl", hash = "sha256:75bb3f31ea686f1197762692a9ee6a7550b59fc6ca3a1f4b5d7e32fb98e2da2a"},
]
pytz = [
    {file = "pytz-2021.1-py2.py3-none-any.whl", hash = "sha256:eb10ce3e7736052ed3623d49975ce333bcd712c7bb19a58b9e2089d4057d0798"},
    {file = "pytz-2021.1.tar.gz", hash = "sha256:83a4a90894bf38e243cf052c8b58f381bfe9a7a483f6a9cab140bc7f702ac4da"},
]
regex = [
    {file = "regex-2020.11.13-cp36-cp36m-macosx_10_9_x86_64.whl", hash = "sha256:8b882a78c320478b12ff024e81dc7d43c1462aa4a3341c754ee65d857a521f85"},
    {file = "regex-2020.11.13-cp36-cp36m-manylinux1_i686.whl", hash = "sha256:a63f1a07932c9686d2d416fb295ec2c01ab246e89b4d58e5fa468089cab44b70"},
    {file = "regex-2020.11.13-cp36-cp36m-manylinux1_x86_64.whl", hash = "sha256:6e4b08c6f8daca7d8f07c8d24e4331ae7953333dbd09c648ed6ebd24db5a10ee"},
    {file = "regex-2020.11.13-cp36-cp36m-manylinux2010_i686.whl", hash = "sha256:bba349276b126947b014e50ab3316c027cac1495992f10e5682dc677b3dfa0c5"},
    {file = "regex-2020.11.13-cp36-cp36m-manylinux2010_x86_64.whl", hash = "sha256:56e01daca75eae420bce184edd8bb341c8eebb19dd3bce7266332258f9fb9dd7"},
    {file = "regex-2020.11.13-cp36-cp36m-manylinux2014_aarch64.whl", hash = "sha256:6a8ce43923c518c24a2579fda49f093f1397dad5d18346211e46f134fc624e31"},
    {file = "regex-2020.11.13-cp36-cp36m-manylinux2014_i686.whl", hash = "sha256:1ab79fcb02b930de09c76d024d279686ec5d532eb814fd0ed1e0051eb8bd2daa"},
    {file = "regex-2020.11.13-cp36-cp36m-manylinux2014_x86_64.whl", hash = "sha256:9801c4c1d9ae6a70aeb2128e5b4b68c45d4f0af0d1535500884d644fa9b768c6"},
    {file = "regex-2020.11.13-cp36-cp36m-win32.whl", hash = "sha256:49cae022fa13f09be91b2c880e58e14b6da5d10639ed45ca69b85faf039f7a4e"},
    {file = "regex-2020.11.13-cp36-cp36m-win_amd64.whl", hash = "sha256:749078d1eb89484db5f34b4012092ad14b327944ee7f1c4f74d6279a6e4d1884"},
    {file = "regex-2020.11.13-cp37-cp37m-macosx_10_9_x86_64.whl", hash = "sha256:b2f4007bff007c96a173e24dcda236e5e83bde4358a557f9ccf5e014439eae4b"},
    {file = "regex-2020.11.13-cp37-cp37m-manylinux1_i686.whl", hash = "sha256:38c8fd190db64f513fe4e1baa59fed086ae71fa45083b6936b52d34df8f86a88"},
    {file = "regex-2020.11.13-cp37-cp37m-manylinux1_x86_64.whl", hash = "sha256:5862975b45d451b6db51c2e654990c1820523a5b07100fc6903e9c86575202a0"},
    {file = "regex-2020.11.13-cp37-cp37m-manylinux2010_i686.whl", hash = "sha256:262c6825b309e6485ec2493ffc7e62a13cf13fb2a8b6d212f72bd53ad34118f1"},
    {file = "regex-2020.11.13-cp37-cp37m-manylinux2010_x86_64.whl", hash = "sha256:bafb01b4688833e099d79e7efd23f99172f501a15c44f21ea2118681473fdba0"},
    {file = "regex-2020.11.13-cp37-cp37m-manylinux2014_aarch64.whl", hash = "sha256:e32f5f3d1b1c663af7f9c4c1e72e6ffe9a78c03a31e149259f531e0fed826512"},
    {file = "regex-2020.11.13-cp37-cp37m-manylinux2014_i686.whl", hash = "sha256:3bddc701bdd1efa0d5264d2649588cbfda549b2899dc8d50417e47a82e1387ba"},
    {file = "regex-2020.11.13-cp37-cp37m-manylinux2014_x86_64.whl", hash = "sha256:02951b7dacb123d8ea6da44fe45ddd084aa6777d4b2454fa0da61d569c6fa538"},
    {file = "regex-2020.11.13-cp37-cp37m-win32.whl", hash = "sha256:0d08e71e70c0237883d0bef12cad5145b84c3705e9c6a588b2a9c7080e5af2a4"},
    {file = "regex-2020.11.13-cp37-cp37m-win_amd64.whl", hash = "sha256:1fa7ee9c2a0e30405e21031d07d7ba8617bc590d391adfc2b7f1e8b99f46f444"},
    {file = "regex-2020.11.13-cp38-cp38-macosx_10_9_x86_64.whl", hash = "sha256:baf378ba6151f6e272824b86a774326f692bc2ef4cc5ce8d5bc76e38c813a55f"},
    {file = "regex-2020.11.13-cp38-cp38-manylinux1_i686.whl", hash = "sha256:e3faaf10a0d1e8e23a9b51d1900b72e1635c2d5b0e1bea1c18022486a8e2e52d"},
    {file = "regex-2020.11.13-cp38-cp38-manylinux1_x86_64.whl", hash = "sha256:2a11a3e90bd9901d70a5b31d7dd85114755a581a5da3fc996abfefa48aee78af"},
    {file = "regex-2020.11.13-cp38-cp38-manylinux2010_i686.whl", hash = "sha256:d1ebb090a426db66dd80df8ca85adc4abfcbad8a7c2e9a5ec7513ede522e0a8f"},
    {file = "regex-2020.11.13-cp38-cp38-manylinux2010_x86_64.whl", hash = "sha256:b2b1a5ddae3677d89b686e5c625fc5547c6e492bd755b520de5332773a8af06b"},
    {file = "regex-2020.11.13-cp38-cp38-manylinux2014_aarch64.whl", hash = "sha256:2c99e97d388cd0a8d30f7c514d67887d8021541b875baf09791a3baad48bb4f8"},
    {file = "regex-2020.11.13-cp38-cp38-manylinux2014_i686.whl", hash = "sha256:c084582d4215593f2f1d28b65d2a2f3aceff8342aa85afd7be23a9cad74a0de5"},
    {file = "regex-2020.11.13-cp38-cp38-manylinux2014_x86_64.whl", hash = "sha256:a3d748383762e56337c39ab35c6ed4deb88df5326f97a38946ddd19028ecce6b"},
    {file = "regex-2020.11.13-cp38-cp38-win32.whl", hash = "sha256:7913bd25f4ab274ba37bc97ad0e21c31004224ccb02765ad984eef43e04acc6c"},
    {file = "regex-2020.11.13-cp38-cp38-win_amd64.whl", hash = "sha256:6c54ce4b5d61a7129bad5c5dc279e222afd00e721bf92f9ef09e4fae28755683"},
    {file = "regex-2020.11.13-cp39-cp39-macosx_10_9_x86_64.whl", hash = "sha256:1862a9d9194fae76a7aaf0150d5f2a8ec1da89e8b55890b1786b8f88a0f619dc"},
    {file = "regex-2020.11.13-cp39-cp39-manylinux1_i686.whl", hash = "sha256:4902e6aa086cbb224241adbc2f06235927d5cdacffb2425c73e6570e8d862364"},
    {file = "regex-2020.11.13-cp39-cp39-manylinux1_x86_64.whl", hash = "sha256:7a25fcbeae08f96a754b45bdc050e1fb94b95cab046bf56b016c25e9ab127b3e"},
    {file = "regex-2020.11.13-cp39-cp39-manylinux2010_i686.whl", hash = "sha256:d2d8ce12b7c12c87e41123997ebaf1a5767a5be3ec545f64675388970f415e2e"},
    {file = "regex-2020.11.13-cp39-cp39-manylinux2010_x86_64.whl", hash = "sha256:f7d29a6fc4760300f86ae329e3b6ca28ea9c20823df123a2ea8693e967b29917"},
    {file = "regex-2020.11.13-cp39-cp39-manylinux2014_aarch64.whl", hash = "sha256:717881211f46de3ab130b58ec0908267961fadc06e44f974466d1887f865bd5b"},
    {file = "regex-2020.11.13-cp39-cp39-manylinux2014_i686.whl", hash = "sha256:3128e30d83f2e70b0bed9b2a34e92707d0877e460b402faca908c6667092ada9"},
    {file = "regex-2020.11.13-cp39-cp39-manylinux2014_x86_64.whl", hash = "sha256:8f6a2229e8ad946e36815f2a03386bb8353d4bde368fdf8ca5f0cb97264d3b5c"},
    {file = "regex-2020.11.13-cp39-cp39-win32.whl", hash = "sha256:f8f295db00ef5f8bae530fc39af0b40486ca6068733fb860b42115052206466f"},
    {file = "regex-2020.11.13-cp39-cp39-win_amd64.whl", hash = "sha256:a15f64ae3a027b64496a71ab1f722355e570c3fac5ba2801cafce846bf5af01d"},
    {file = "regex-2020.11.13.tar.gz", hash = "sha256:83d6b356e116ca119db8e7c6fc2983289d87b27b3fac238cfe5dca529d884562"},
]
six = [
    {file = "six-1.15.0-py2.py3-none-any.whl", hash = "sha256:8b74bedcbbbaca38ff6d7491d76f2b06b3592611af620f8426e82dddb04a5ced"},
    {file = "six-1.15.0.tar.gz", hash = "sha256:30639c035cdb23534cd4aa2dd52c3bf48f06e5f4a941509c8bafd8ce11080259"},
]
toml = [
    {file = "toml-0.10.2-py2.py3-none-any.whl", hash = "sha256:806143ae5bfb6a3c6e736a764057db0e6a0e05e338b5630894a5f779cabb4f9b"},
    {file = "toml-0.10.2.tar.gz", hash = "sha256:b3bda1d108d5dd99f4a20d24d9c348e91c4db7ab1b749200bded2f839ccbe68f"},
]
typed-ast = [
    {file = "typed_ast-1.4.2-cp35-cp35m-manylinux1_i686.whl", hash = "sha256:7703620125e4fb79b64aa52427ec192822e9f45d37d4b6625ab37ef403e1df70"},
    {file = "typed_ast-1.4.2-cp35-cp35m-manylinux1_x86_64.whl", hash = "sha256:c9aadc4924d4b5799112837b226160428524a9a45f830e0d0f184b19e4090487"},
    {file = "typed_ast-1.4.2-cp35-cp35m-manylinux2014_aarch64.whl", hash = "sha256:9ec45db0c766f196ae629e509f059ff05fc3148f9ffd28f3cfe75d4afb485412"},
    {file = "typed_ast-1.4.2-cp35-cp35m-win32.whl", hash = "sha256:85f95aa97a35bdb2f2f7d10ec5bbdac0aeb9dafdaf88e17492da0504de2e6400"},
    {file = "typed_ast-1.4.2-cp35-cp35m-win_amd64.whl", hash = "sha256:9044ef2df88d7f33692ae3f18d3be63dec69c4fb1b5a4a9ac950f9b4ba571606"},
    {file = "typed_ast-1.4.2-cp36-cp36m-macosx_10_9_x86_64.whl", hash = "sha256:c1c876fd795b36126f773db9cbb393f19808edd2637e00fd6caba0e25f2c7b64"},
    {file = "typed_ast-1.4.2-cp36-cp36m-manylinux1_i686.whl", hash = "sha256:5dcfc2e264bd8a1db8b11a892bd1647154ce03eeba94b461effe68790d8b8e07"},
    {file = "typed_ast-1.4.2-cp36-cp36m-manylinux1_x86_64.whl", hash = "sha256:8db0e856712f79c45956da0c9a40ca4246abc3485ae0d7ecc86a20f5e4c09abc"},
    {file = "typed_ast-1.4.2-cp36-cp36m-manylinux2014_aarch64.whl", hash = "sha256:d003156bb6a59cda9050e983441b7fa2487f7800d76bdc065566b7d728b4581a"},
    {file = "typed_ast-1.4.2-cp36-cp36m-win32.whl", hash = "sha256:4c790331247081ea7c632a76d5b2a265e6d325ecd3179d06e9cf8d46d90dd151"},
    {file = "typed_ast-1.4.2-cp36-cp36m-win_amd64.whl", hash = "sha256:d175297e9533d8d37437abc14e8a83cbc68af93cc9c1c59c2c292ec59a0697a3"},
    {file = "typed_ast-1.4.2-cp37-cp37m-macosx_10_9_x86_64.whl", hash = "sha256:cf54cfa843f297991b7388c281cb3855d911137223c6b6d2dd82a47ae5125a41"},
    {file = "typed_ast-1.4.2-cp37-cp37m-manylinux1_i686.whl", hash = "sha256:b4fcdcfa302538f70929eb7b392f536a237cbe2ed9cba88e3bf5027b39f5f77f"},
    {file = "typed_ast-1.4.2-cp37-cp37m-manylinux1_x86_64.whl", hash = "sha256:987f15737aba2ab5f3928c617ccf1ce412e2e321c77ab16ca5a293e7bbffd581"},
    {file = "typed_ast-1.4.2-cp37-cp37m-manylinux2014_aarch64.whl", hash = "sha256:37f48d46d733d57cc70fd5f30572d11ab8ed92da6e6b28e024e4a3edfb456e37"},
    {file = "typed_ast-1.4.2-cp37-cp37m-win32.whl", hash = "sha256:36d829b31ab67d6fcb30e185ec996e1f72b892255a745d3a82138c97d21ed1cd"},
    {file = "typed_ast-1.4.2-cp37-cp37m-win_amd64.whl", hash = "sha256:8368f83e93c7156ccd40e49a783a6a6850ca25b556c0fa0240ed0f659d2fe496"},
    {file = "typed_ast-1.4.2-cp38-cp38-macosx_10_9_x86_64.whl", hash = "sha256:963c80b583b0661918718b095e02303d8078950b26cc00b5e5ea9ababe0de1fc"},
    {file = "typed_ast-1.4.2-cp38-cp38-manylinux1_i686.whl", hash = "sha256:e683e409e5c45d5c9082dc1daf13f6374300806240719f95dc783d1fc942af10"},
    {file = "typed_ast-1.4.2-cp38-cp38-manylinux1_x86_64.whl", hash = "sha256:84aa6223d71012c68d577c83f4e7db50d11d6b1399a9c779046d75e24bed74ea"},
    {file = "typed_ast-1.4.2-cp38-cp38-manylinux2014_aarch64.whl", hash = "sha256:a38878a223bdd37c9709d07cd357bb79f4c760b29210e14ad0fb395294583787"},
    {file = "typed_ast-1.4.2-cp38-cp38-win32.whl", hash = "sha256:a2c927c49f2029291fbabd673d51a2180038f8cd5a5b2f290f78c4516be48be2"},
    {file = "typed_ast-1.4.2-cp38-cp38-win_amd64.whl", hash = "sha256:c0c74e5579af4b977c8b932f40a5464764b2f86681327410aa028a22d2f54937"},
    {file = "typed_ast-1.4.2-cp39-cp39-macosx_10_9_x86_64.whl", hash = "sha256:07d49388d5bf7e863f7fa2f124b1b1d89d8aa0e2f7812faff0a5658c01c59aa1"},
    {file = "typed_ast-1.4.2-cp39-cp39-manylinux1_i686.whl", hash = "sha256:240296b27397e4e37874abb1df2a608a92df85cf3e2a04d0d4d61055c8305ba6"},
    {file = "typed_ast-1.4.2-cp39-cp39-manylinux1_x86_64.whl", hash = "sha256:d746a437cdbca200622385305aedd9aef68e8a645e385cc483bdc5e488f07166"},
    {file = "typed_ast-1.4.2-cp39-cp39-manylinux2014_aarch64.whl", hash = "sha256:14bf1522cdee369e8f5581238edac09150c765ec1cb33615855889cf33dcb92d"},
    {file = "typed_ast-1.4.2-cp39-cp39-win32.whl", hash = "sha256:cc7b98bf58167b7f2db91a4327da24fb93368838eb84a44c472283778fc2446b"},
    {file = "typed_ast-1.4.2-cp39-cp39-win_amd64.whl", hash = "sha256:7147e2a76c75f0f64c4319886e7639e490fee87c9d25cb1d4faef1d8cf83a440"},
    {file = "typed_ast-1.4.2.tar.gz", hash = "sha256:9fc0b3cb5d1720e7141d103cf4819aea239f7d136acf9ee4a69b047b7986175a"},
]
typing-extensions = [
    {file = "typing_extensions-3.7.4.3-py2-none-any.whl", hash = "sha256:dafc7639cde7f1b6e1acc0f457842a83e722ccca8eef5270af2d74792619a89f"},
    {file = "typing_extensions-3.7.4.3-py3-none-any.whl", hash = "sha256:7cb407020f00f7bfc3cb3e7881628838e69d8f3fcab2f64742a5e76b2f841918"},
    {file = "typing_extensions-3.7.4.3.tar.gz", hash = "sha256:99d4073b617d30288f569d3f13d2bd7548c3a7e4c8de87db09a9d29bb3a4a60c"},
]
zstandard = [
    {file = "zstandard-0.15.1-cp35-cp35m-macosx_10_9_x86_64.whl", hash = "sha256:f12d97f388fc9bb238280641367f49612016d0353a99eff13b58588f60444263"},
    {file = "zstandard-0.15.1-cp35-cp35m-manylinux1_i686.whl", hash = "sha256:72af53b92990ba6118d5dabe8a777cdd36d9fb88d9bf665b84517d0efdcc6f8f"},
    {file = "zstandard-0.15.1-cp35-cp35m-manylinux1_x86_64.whl", hash = "sha256:229530dc3d79b114740f4394ffe94c2ecbd3bbadb20696a9cbbf07f65094dcf3"},
    {file = "zstandard-0.15.1-cp35-cp35m-manylinux2010_i686.whl", hash = "sha256:34bc6bd46cd65f90f018b1f684b027e34841993ab91b951b3385d4a6ea2d8772"},
    {file = "zstandard-0.15.1-cp35-cp35m-manylinux2010_x86_64.whl", hash = "sha256:03c0b012d910c9a78ac046520ebd7b7cd6fe7b93cd4ec3f49b8f0ac39d57d465"},
    {file = "zstandard-0.15.1-cp35-cp35m-manylinux2014_i686.whl", hash = "sha256:326c3cd8a2a87e92dccb0613110922a6fe4bc86e226854943806cf66203fde9f"},
    {file = "zstandard-0.15.1-cp35-cp35m-manylinux2014_x86_64.whl", hash = "sha256:e722ae77e072c26b69a3bca5a4d78d5f4927634f527d05a9057d9d58844053aa"},
    {file = "zstandard-0.15.1-cp35-cp35m-win32.whl", hash = "sha256:92ea1c604ec49f3e4ffcbbcfeadc96ebc48bc2edc5f0cb5e03e9c1204ed91869"},
    {file = "zstandard-0.15.1-cp35-cp35m-win_amd64.whl", hash = "sha256:993ce06458283a6c55ed93b862f7fa22b9c27b855f04c98c25f207a7687056cd"},
    {file = "zstandard-0.15.1-cp36-cp36m-macosx_10_9_x86_64.whl", hash = "sha256:db4b9d491fd9ac6b52cc4640da0c8e7b957d1cd80901be30e8be9a470b242d99"},
    {file = "zstandard-0.15.1-cp36-cp36m-manylinux1_i686.whl", hash = "sha256:e0940e9bd36c2d84afd5bd0c45a9c6db3aa8956c080bf7df65b3220a23449360"},
    {file = "zstandard-0.15.1-cp36-cp36m-manylinux1_x86_64.whl", hash = "sha256:83d84fe875c28f98b574fb7d4ec4e5a41e7cdfeb53b177641eb25afdb93b95cd"},
    {file = "zstandard-0.15.1-cp36-cp36m-manylinux2010_i686.whl", hash = "sha256:4d7a72f6fe882c5c768602739ad5ae74dbf115bca5ec2ed1012a7986d190658c"},
    {file = "zstandard-0.15.1-cp36-cp36m-manylinux2010_x86_64.whl", hash = "sha256:945a49c8e7dbfd28e31eeb8b21d2343370ac75d6ec1c79412a3f9bb4c54c5f13"},
    {file = "zstandard-0.15.1-cp36-cp36m-manylinux2014_i686.whl", hash = "sha256:756f751ca4c0ac8bc7696d2820e14529f00d284358fa2150b4ce57b1a6e16ad3"},
    {file = "zstandard-0.15.1-cp36-cp36m-manylinux2014_x86_64.whl", hash = "sha256:d308f44ca292c0eb117703ee43b995de77c3d3bf99c90b4c6c74e75a10f62eea"},
    {file = "zstandard-0.15.1-cp36-cp36m-win32.whl", hash = "sha256:7bc73d3802145ba40677e8fa8185a0c6848b8e582be3d7d7e5132049cd112307"},
    {file = "zstandard-0.15.1-cp36-cp36m-win_amd64.whl", hash = "sha256:9de5c54e34c845c70c18561afd106cf754b41e009a4fc4131bfed537abc1468d"},
    {file = "zstandard-0.15.1-cp37-cp37m-macosx_10_9_x86_64.whl", hash = "sha256:8de12b37d32a9128a72b6050d4c6070a3bc944557f6b9912ecfc421f9ee97824"},
    {file = "zstandard-0.15.1-cp37-cp37m-manylinux1_i686.whl", hash = "sha256:0fa280d2edd1dd8b61aa5ce46d023d32d31fa05b98070a5b98e7fd4d878bae1d"},
    {file = "zstandard-0.15.1-cp37-cp37m-manylinux1_x86_64.whl", hash = "sha256:b223633865725c5c3840ba25a7e71abdc7bb8113be6dd88fb88d46ebe7280df9"},
    {file = "zstandard-0.15.1-cp37-cp37m-manylinux2010_i686.whl", hash = "sha256:74a7461dbc8a28d5b9754c56f7748aa4bb25a591b166213dbfa99312f5d45814"},
    {file = "zstandard-0.15.1-cp37-cp37m-manylinux2010_x86_64.whl", hash = "sha256:fc28f71d935f65c70b20f649ec8db572cdbdeff35528f3b922d7ae50e9c5f9a9"},
    {file = "zstandard-0.15.1-cp37-cp37m-manylinux2014_i686.whl", hash = "sha256:9e4c5bfcb232491777546265aba9c30c532edcf93f4d16705402732417f81d18"},
    {file = "zstandard-0.15.1-cp37-cp37m-manylinux2014_x86_64.whl", hash = "sha256:f81e2d909327927f7afff2f9961234d4747a163091ad8077edf621a2e128bf80"},
    {file = "zstandard-0.15.1-cp37-cp37m-win32.whl", hash = "sha256:a9f8297180e1f291418524345055c9b2dea9b3ca5db3f72b27e3dac67453a361"},
    {file = "zstandard-0.15.1-cp37-cp37m-win_amd64.whl", hash = "sha256:53e6dac24fabee67ced260fe62d5cf886be92308cbda4d4e217a3a29341f83da"},
    {file = "zstandard-0.15.1-cp38-cp38-macosx_10_9_x86_64.whl", hash = "sha256:a95e0ba90c0a7f7f6e37e1b730b218e31775777b28630e5ebc05c10b4ee1946e"},
    {file = "zstandard-0.15.1-cp38-cp38-manylinux1_i686.whl", hash = "sha256:3b466c146dbe9bb1f2d2c9beccda631f112d93e5ac226388545acdf0325bd213"},
    {file = "zstandard-0.15.1-cp38-cp38-manylinux1_x86_64.whl", hash = "sha256:637d513e0ca84375516b9f5af6f4f0020381200c77e8c43d21fca7f66848e9b7"},
    {file = "zstandard-0.15.1-cp38-cp38-manylinux2010_i686.whl", hash = "sha256:f41d39dc81b0b5558891683267e15c36b43eb06571a5fed7da1e0e2663623d9b"},
    {file = "zstandard-0.15.1-cp38-cp38-manylinux2010_x86_64.whl", hash = "sha256:794517afee12005be1038a0b196c9e4e03409fb2f23e218c11393c6ac658eb5f"},
    {file = "zstandard-0.15.1-cp38-cp38-manylinux2014_i686.whl", hash = "sha256:6c09eb0c302b42939f9b3db9cec7d92e2292fc54f13c680ca6c429634ebaaf46"},
    {file = "zstandard-0.15.1-cp38-cp38-manylinux2014_x86_64.whl", hash = "sha256:3691de9c2583ab5b43d91dd39b6575dbe0ef3314b676459522413817104b1278"},
    {file = "zstandard-0.15.1-cp38-cp38-win32.whl", hash = "sha256:95b682d98086c395e1d8c741a414a4fc8bf7c41254aaa85c8613551fd3ede78c"},
    {file = "zstandard-0.15.1-cp38-cp38-win_amd64.whl", hash = "sha256:7dadb8bd028bd04b1734734227a06a48f64704a6df82be144376db03be95829c"},
    {file = "zstandard-0.15.1-cp39-cp39-macosx_10_9_x86_64.whl", hash = "sha256:4c82f430af910dba1b0e0e5e4b67a74c222703b3575fe1ac268c8257626c0729"},
    {file = "zstandard-0.15.1-cp39-cp39-manylinux1_i686.whl", hash = "sha256:1b8c4c304e694c0664071fb958f0ea7fb9d2ddd008f1f5b4006235910b6eaaed"},
    {file = "zstandard-0.15.1-cp39-cp39-manylinux1_x86_64.whl", hash = "sha256:5aa171eaa420e11dd32e327f0231fc7a7cd00c3fad5cbd11f27844827b82317d"},
    {file = "zstandard-0.15.1-cp39-cp39-manylinux2010_i686.whl", hash = "sha256:9d9ab430027e3e04a7d4f13f7af693b80cceb728ff25f2e7a16f19851fa0fe3e"},
    {file = "zstandard-0.15.1-cp39-cp39-manylinux2010_x86_64.whl", hash = "sha256:ff7642a936734781708ece0721c58b238759be4c473f1855d50515a0fa10a5a2"},
    {file = "zstandard-0.15.1-cp39-cp39-manylinux2014_i686.whl", hash = "sha256:bea22653bf7242320f9cca1c68f8e381134bee8b2c8f36823085b7e398fad11a"},
    {file = "zstandard-0.15.1-cp39-cp39-manylinux2014_x86_64.whl", hash = "sha256:f8905bc741dcec0f6a74445fbfadc032772daca4a908dad7d43e8d65ae1fd3f4"},
    {file = "zstandard-0.15.1-cp39-cp39-win32.whl", hash = "sha256:d2c3a460291ee042057a2dfe962b018a3e49cc0ec83efdfa6a714dcbc4d4b351"},
    {file = "zstandard-0.15.1-cp39-cp39-win_amd64.whl", hash = "sha256:5418e2279a47802886241891fcd82b946dc176e1384c00efe87b32f7d633b879"},
    {file = "zstandard-0.15.1.tar.gz", hash = "sha256:cb7c6a6f7d62350b9f5539045da54422975630e34dd9069584cc776b9917115f"},
]
